
Microsoft Visual Studio Solution File, Format Version 12.00
# Visual Studio Express 2013 for Windows Desktop
VisualStudioVersion = 12.0.21005.1
MinimumVisualStudioVersion = 10.0.40219.1
Project("{FAE04EC0-301F-11D3-BF4B-00C04F79EFBC}") = "Client", "Client\Client.csproj", "{176737E2-5614-4B19-9CE7-E7A868172A0C}"
EndProject
Project("{FAE04EC0-301F-11D3-BF4B-00C04F79EFBC}") = "Updater", "Updater\Updater.csproj", "{1BD8B2B9-5552-4E0D-AD0A-A8C07E5B7286}"
EndProject
Global
	GlobalSection(SolutionConfigurationPlatforms) = preSolution
		Debug|Any CPU = Debug|Any CPU
		Debug|Mixed Platforms = Debug|Mixed Platforms
		Debug|x86 = Debug|x86
		Release|Any CPU = Release|Any CPU
		Release|Mixed Platforms = Release|Mixed Platforms
		Release|x86 = Release|x86
	EndGlobalSection
	GlobalSection(ProjectConfigurationPlatforms) = postSolution
		{176737E2-5614-4B19-9CE7-E7A868172A0C}.Debug|Any CPU.ActiveCfg = Debug|Any CPU
		{176737E2-5614-4B19-9CE7-E7A868172A0C}.Debug|Any CPU.Build.0 = Debug|Any CPU
		{176737E2-5614-4B19-9CE7-E7A868172A0C}.Debug|Mixed Platforms.ActiveCfg = Debug|Any CPU
		{176737E2-5614-4B19-9CE7-E7A868172A0C}.Debug|Mixed Platforms.Build.0 = Debug|Any CPU
		{176737E2-5614-4B19-9CE7-E7A868172A0C}.Debug|x86.ActiveCfg = Debug|Any CPU
		{176737E2-5614-4B19-9CE7-E7A868172A0C}.Release|Any CPU.ActiveCfg = Release|Any CPU
		{176737E2-5614-4B19-9CE7-E7A868172A0C}.Release|Any CPU.Build.0 = Release|Any CPU
		{176737E2-5614-4B19-9CE7-E7A868172A0C}.Release|Mixed Platforms.ActiveCfg = Release|Any CPU
		{176737E2-5614-4B19-9CE7-E7A868172A0C}.Release|Mixed Platforms.Build.0 = Release|Any CPU
		{176737E2-5614-4B19-9CE7-E7A868172A0C}.Release|x86.ActiveCfg = Release|Any CPU
		{1BD8B2B9-5552-4E0D-AD0A-A8C07E5B7286}.Debug|Any CPU.ActiveCfg = Debug|Any CPU
		{1BD8B2B9-5552-4E0D-AD0A-A8C07E5B7286}.Debug|Any CPU.Build.0 = Debug|Any CPU
		{1BD8B2B9-5552-4E0D-AD0A-A8C07E5B7286}.Debug|Mixed Platforms.ActiveCfg = Debug|Any CPU
		{1BD8B2B9-5552-4E0D-AD0A-A8C07E5B7286}.Debug|Mixed Platforms.Build.0 = Debug|Any CPU
		{1BD8B2B9-5552-4E0D-AD0A-A8C07E5B7286}.Debug|x86.ActiveCfg = Debug|Any CPU
		{1BD8B2B9-5552-4E0D-AD0A-A8C07E5B7286}.Release|Any CPU.ActiveCfg = Release|Any CPU
		{1BD8B2B9-5552-4E0D-AD0A-A8C07E5B7286}.Release|Any CPU.Build.0 = Release|Any CPU
		{1BD8B2B9-5552-4E0D-AD0A-A8C07E5B7286}.Release|Mixed Platforms.ActiveCfg = Release|Any CPU
		{1BD8B2B9-5552-4E0D-AD0A-A8C07E5B7286}.Release|Mixed Platforms.Build.0 = Release|Any CPU
		{1BD8B2B9-5552-4E0D-AD0A-A8C07E5B7286}.Release|x86.ActiveCfg = Release|Any CPU
	EndGlobalSection
	GlobalSection(SolutionProperties) = preSolution
		HideSolutionNode = FALSE
	EndGlobalSection
EndGlobal
